
Microsoft Visual Studio Solution File, Format Version 12.00
# Visual Studio 2012
Project("{FAE04EC0-301F-11D3-BF4B-00C04F79EFBC}") = "eStoreModels", "eStoreModels\eStoreModels.csproj", "{4E55C8F6-DC65-4842-9E93-19A3044AF554}"
EndProject
Project("{FAE04EC0-301F-11D3-BF4B-00C04F79EFBC}") = "eStoreViewModels", "eStoreViewModels\eStoreViewModels.csproj", "{DB95B9D8-D241-4570-A015-B14471DE95B2}"
EndProject
Project("{FAE04EC0-301F-11D3-BF4B-00C04F79EFBC}") = "eStoreWebsite", "eStoreWebsite\eStoreWebsite.csproj", "{86665735-2804-41CC-A6EF-D0022DE289BA}"
EndProject
Global
	GlobalSection(SolutionConfigurationPlatforms) = preSolution
		Debug|Any CPU = Debug|Any CPU
		Release|Any CPU = Release|Any CPU
	EndGlobalSection
	GlobalSection(ProjectConfigurationPlatforms) = postSolution
		{4E55C8F6-DC65-4842-9E93-19A3044AF554}.Debug|Any CPU.ActiveCfg = Debug|Any CPU
		{4E55C8F6-DC65-4842-9E93-19A3044AF554}.Debug|Any CPU.Build.0 = Debug|Any CPU
		{4E55C8F6-DC65-4842-9E93-19A3044AF554}.Release|Any CPU.ActiveCfg = Release|Any CPU
		{4E55C8F6-DC65-4842-9E93-19A3044AF554}.Release|Any CPU.Build.0 = Release|Any CPU
		{DB95B9D8-D241-4570-A015-B14471DE95B2}.Debug|Any CPU.ActiveCfg = Debug|Any CPU
		{DB95B9D8-D241-4570-A015-B14471DE95B2}.Debug|Any CPU.Build.0 = Debug|Any CPU
		{DB95B9D8-D241-4570-A015-B14471DE95B2}.Release|Any CPU.ActiveCfg = Release|Any CPU
		{DB95B9D8-D241-4570-A015-B14471DE95B2}.Release|Any CPU.Build.0 = Release|Any CPU
		{86665735-2804-41CC-A6EF-D0022DE289BA}.Debug|Any CPU.ActiveCfg = Debug|Any CPU
		{86665735-2804-41CC-A6EF-D0022DE289BA}.Debug|Any CPU.Build.0 = Debug|Any CPU
		{86665735-2804-41CC-A6EF-D0022DE289BA}.Release|Any CPU.ActiveCfg = Release|Any CPU
		{86665735-2804-41CC-A6EF-D0022DE289BA}.Release|Any CPU.Build.0 = Release|Any CPU
	EndGlobalSection
	GlobalSection(SolutionProperties) = preSolution
		HideSolutionNode = FALSE
	EndGlobalSection
EndGlobal
